
Microsoft Visual Studio Solution File, Format Version 12.00
# Visual Studio Version 16
VisualStudioVersion = 16.0.29215.179
MinimumVisualStudioVersion = 10.0.40219.1
Project("{FAE04EC0-301F-11D3-BF4B-00C04F79EFBC}") = "WebApplication2", "WebApplication2\WebApplication2.csproj", "{F63BD963-A9E3-4B3A-BC15-47F93EDE503F}"
EndProject
Project("{FAE04EC0-301F-11D3-BF4B-00C04F79EFBC}") = "NUnitTestProject1", "NUnitTestProject1\NUnitTestProject1.csproj", "{2EE453D8-38FF-4990-8176-023FB3C34585}"
EndProject
Global
	GlobalSection(SolutionConfigurationPlatforms) = preSolution
		Debug|Any CPU = Debug|Any CPU
		Release|Any CPU = Release|Any CPU
	EndGlobalSection
	GlobalSection(ProjectConfigurationPlatforms) = postSolution
		{F63BD963-A9E3-4B3A-BC15-47F93EDE503F}.Debug|Any CPU.ActiveCfg = Debug|Any CPU
		{F63BD963-A9E3-4B3A-BC15-47F93EDE503F}.Debug|Any CPU.Build.0 = Debug|Any CPU
		{F63BD963-A9E3-4B3A-BC15-47F93EDE503F}.Release|Any CPU.ActiveCfg = Release|Any CPU
		{F63BD963-A9E3-4B3A-BC15-47F93EDE503F}.Release|Any CPU.Build.0 = Release|Any CPU
		{2EE453D8-38FF-4990-8176-023FB3C34585}.Debug|Any CPU.ActiveCfg = Debug|Any CPU
		{2EE453D8-38FF-4990-8176-023FB3C34585}.Debug|Any CPU.Build.0 = Debug|Any CPU
		{2EE453D8-38FF-4990-8176-023FB3C34585}.Release|Any CPU.ActiveCfg = Release|Any CPU
		{2EE453D8-38FF-4990-8176-023FB3C34585}.Release|Any CPU.Build.0 = Release|Any CPU
	EndGlobalSection
	GlobalSection(SolutionProperties) = preSolution
		HideSolutionNode = FALSE
	EndGlobalSection
	GlobalSection(ExtensibilityGlobals) = postSolution
		SolutionGuid = {42185C57-375F-42AA-BD72-67343107EAC5}
	EndGlobalSection
EndGlobal
